// !$*UTF8*$!
{
	archiveVersion = 1;
	classes = {
	};
	objectVersion = 46;
	objects = {

/* Begin PBXBuildFile section */
		67F436A034E033A9818F9565 /* Pods_wiremoc_demo.framework in Frameworks */ = {isa = PBXBuildFile; fileRef = 370086B40C39D50B70B05B78 /* Pods_wiremoc_demo.framework */; };
		7A3EA0BD73ED1C344CF49DE9 /* Pods_wiremoc_demoTests.framework in Frameworks */ = {isa = PBXBuildFile; fileRef = C4AE1DAB9BB1D3A575D3B3E1 /* Pods_wiremoc_demoTests.framework */; };
		C5B24C801F197B10000E1D59 /* AppDelegate.swift in Sources */ = {isa = PBXBuildFile; fileRef = C5B24C7F1F197B10000E1D59 /* AppDelegate.swift */; };
		C5B24C821F197B10000E1D59 /* ViewController.swift in Sources */ = {isa = PBXBuildFile; fileRef = C5B24C811F197B10000E1D59 /* ViewController.swift */; };
		C5B24C851F197B10000E1D59 /* Main.storyboard in Resources */ = {isa = PBXBuildFile; fileRef = C5B24C831F197B10000E1D59 /* Main.storyboard */; };
		C5B24C871F197B10000E1D59 /* Assets.xcassets in Resources */ = {isa = PBXBuildFile; fileRef = C5B24C861F197B10000E1D59 /* Assets.xcassets */; };
		C5B24C8A1F197B10000E1D59 /* LaunchScreen.storyboard in Resources */ = {isa = PBXBuildFile; fileRef = C5B24C881F197B10000E1D59 /* LaunchScreen.storyboard */; };
		C5B24C951F197B10000E1D59 /* wiremoc_demoTests.swift in Sources */ = {isa = PBXBuildFile; fileRef = C5B24C941F197B10000E1D59 /* wiremoc_demoTests.swift */; };
		C5B24CA31F19817D000E1D59 /* APIClient.swift in Sources */ = {isa = PBXBuildFile; fileRef = C5B24CA21F19817D000E1D59 /* APIClient.swift */; };
		C5B24CA51F1981A1000E1D59 /* Router.swift in Sources */ = {isa = PBXBuildFile; fileRef = C5B24CA41F1981A1000E1D59 /* Router.swift */; };
		C5B24CA71F198238000E1D59 /* UsersAPI.swift in Sources */ = {isa = PBXBuildFile; fileRef = C5B24CA61F198238000E1D59 /* UsersAPI.swift */; };
		C5B24CAC1F1AD418000E1D59 /* UserInfo.swift in Sources */ = {isa = PBXBuildFile; fileRef = C5B24CAB1F1AD418000E1D59 /* UserInfo.swift */; };
/* End PBXBuildFile section */

/* Begin PBXContainerItemProxy section */
		C5B24C911F197B10000E1D59 /* PBXContainerItemProxy */ = {
			isa = PBXContainerItemProxy;
			containerPortal = C5B24C741F197B10000E1D59 /* Project object */;
			proxyType = 1;
			remoteGlobalIDString = C5B24C7B1F197B10000E1D59;
			remoteInfo = "wiremoc-demo";
		};
/* End PBXContainerItemProxy section */

/* Begin PBXFileReference section */
		2761C784C15A90C9076F44CE /* Pods-wiremoc-demoTests.debug.xcconfig */ = {isa = PBXFileReference; includeInIndex = 1; lastKnownFileType = text.xcconfig; name = "Pods-wiremoc-demoTests.debug.xcconfig"; path = "Pods/Target Support Files/Pods-wiremoc-demoTests/Pods-wiremoc-demoTests.debug.xcconfig"; sourceTree = "<group>"; };
		370086B40C39D50B70B05B78 /* Pods_wiremoc_demo.framework */ = {isa = PBXFileReference; explicitFileType = wrapper.framework; includeInIndex = 0; path = Pods_wiremoc_demo.framework; sourceTree = BUILT_PRODUCTS_DIR; };
		66E318FF42093EEEB846C0D1 /* Pods-wiremoc-demo.debug.xcconfig */ = {isa = PBXFileReference; includeInIndex = 1; lastKnownFileType = text.xcconfig; name = "Pods-wiremoc-demo.debug.xcconfig"; path = "Pods/Target Support Files/Pods-wiremoc-demo/Pods-wiremoc-demo.debug.xcconfig"; sourceTree = "<group>"; };
		BB10D906B39E16E4A5C9E812 /* Pods-wiremoc-demoTests.release.xcconfig */ = {isa = PBXFileReference; includeInIndex = 1; lastKnownFileType = text.xcconfig; name = "Pods-wiremoc-demoTests.release.xcconfig"; path = "Pods/Target Support Files/Pods-wiremoc-demoTests/Pods-wiremoc-demoTests.release.xcconfig"; sourceTree = "<group>"; };
		C4AE1DAB9BB1D3A575D3B3E1 /* Pods_wiremoc_demoTests.framework */ = {isa = PBXFileReference; explicitFileType = wrapper.framework; includeInIndex = 0; path = Pods_wiremoc_demoTests.framework; sourceTree = BUILT_PRODUCTS_DIR; };
		C5B24C7C1F197B10000E1D59 /* wiremoc-demo.app */ = {isa = PBXFileReference; explicitFileType = wrapper.application; includeInIndex = 0; path = "wiremoc-demo.app"; sourceTree = BUILT_PRODUCTS_DIR; };
		C5B24C7F1F197B10000E1D59 /* AppDelegate.swift */ = {isa = PBXFileReference; lastKnownFileType = sourcecode.swift; path = AppDelegate.swift; sourceTree = "<group>"; };
		C5B24C811F197B10000E1D59 /* ViewController.swift */ = {isa = PBXFileReference; lastKnownFileType = sourcecode.swift; path = ViewController.swift; sourceTree = "<group>"; };
		C5B24C841F197B10000E1D59 /* Base */ = {isa = PBXFileReference; lastKnownFileType = file.storyboard; name = Base; path = Base.lproj/Main.storyboard; sourceTree = "<group>"; };
		C5B24C861F197B10000E1D59 /* Assets.xcassets */ = {isa = PBXFileReference; lastKnownFileType = folder.assetcatalog; path = Assets.xcassets; sourceTree = "<group>"; };
		C5B24C891F197B10000E1D59 /* Base */ = {isa = PBXFileReference; lastKnownFileType = file.storyboard; name = Base; path = Base.lproj/LaunchScreen.storyboard; sourceTree = "<group>"; };
		C5B24C8B1F197B10000E1D59 /* Info.plist */ = {isa = PBXFileReference; lastKnownFileType = text.plist.xml; path = Info.plist; sourceTree = "<group>"; };
		C5B24C901F197B10000E1D59 /* wiremoc-demoTests.xctest */ = {isa = PBXFileReference; explicitFileType = wrapper.cfbundle; includeInIndex = 0; path = "wiremoc-demoTests.xctest"; sourceTree = BUILT_PRODUCTS_DIR; };
		C5B24C941F197B10000E1D59 /* wiremoc_demoTests.swift */ = {isa = PBXFileReference; lastKnownFileType = sourcecode.swift; path = wiremoc_demoTests.swift; sourceTree = "<group>"; };
		C5B24C961F197B10000E1D59 /* Info.plist */ = {isa = PBXFileReference; lastKnownFileType = text.plist.xml; path = Info.plist; sourceTree = "<group>"; };
		C5B24CA21F19817D000E1D59 /* APIClient.swift */ = {isa = PBXFileReference; fileEncoding = 4; lastKnownFileType = sourcecode.swift; path = APIClient.swift; sourceTree = "<group>"; };
		C5B24CA41F1981A1000E1D59 /* Router.swift */ = {isa = PBXFileReference; fileEncoding = 4; lastKnownFileType = sourcecode.swift; path = Router.swift; sourceTree = "<group>"; };
		C5B24CA61F198238000E1D59 /* UsersAPI.swift */ = {isa = PBXFileReference; fileEncoding = 4; lastKnownFileType = sourcecode.swift; path = UsersAPI.swift; sourceTree = "<group>"; };
		C5B24CAB1F1AD418000E1D59 /* UserInfo.swift */ = {isa = PBXFileReference; fileEncoding = 4; lastKnownFileType = sourcecode.swift; path = UserInfo.swift; sourceTree = "<group>"; };
		DF405B34563925F0C6029E1C /* Pods-wiremoc-demo.release.xcconfig */ = {isa = PBXFileReference; includeInIndex = 1; lastKnownFileType = text.xcconfig; name = "Pods-wiremoc-demo.release.xcconfig"; path = "Pods/Target Support Files/Pods-wiremoc-demo/Pods-wiremoc-demo.release.xcconfig"; sourceTree = "<group>"; };
/* End PBXFileReference section */

/* Begin PBXFrameworksBuildPhase section */
		C5B24C791F197B10000E1D59 /* Frameworks */ = {
			isa = PBXFrameworksBuildPhase;
			buildActionMask = 2147483647;
			files = (
				67F436A034E033A9818F9565 /* Pods_wiremoc_demo.framework in Frameworks */,
			);
			runOnlyForDeploymentPostprocessing = 0;
		};
		C5B24C8D1F197B10000E1D59 /* Frameworks */ = {
			isa = PBXFrameworksBuildPhase;
			buildActionMask = 2147483647;
			files = (
				7A3EA0BD73ED1C344CF49DE9 /* Pods_wiremoc_demoTests.framework in Frameworks */,
			);
			runOnlyForDeploymentPostprocessing = 0;
		};
/* End PBXFrameworksBuildPhase section */

/* Begin PBXGroup section */
		07C954A2EEFF762DB70027D1 /* Pods */ = {
			isa = PBXGroup;
			children = (
				66E318FF42093EEEB846C0D1 /* Pods-wiremoc-demo.debug.xcconfig */,
				DF405B34563925F0C6029E1C /* Pods-wiremoc-demo.release.xcconfig */,
				2761C784C15A90C9076F44CE /* Pods-wiremoc-demoTests.debug.xcconfig */,
				BB10D906B39E16E4A5C9E812 /* Pods-wiremoc-demoTests.release.xcconfig */,
			);
			name = Pods;
			sourceTree = "<group>";
		};
		492838DDA3143C5E0E59F164 /* Frameworks */ = {
			isa = PBXGroup;
			children = (
				370086B40C39D50B70B05B78 /* Pods_wiremoc_demo.framework */,
				C4AE1DAB9BB1D3A575D3B3E1 /* Pods_wiremoc_demoTests.framework */,
			);
			name = Frameworks;
			sourceTree = "<group>";
		};
		C5B24C731F197B10000E1D59 = {
			isa = PBXGroup;
			children = (
				492838DDA3143C5E0E59F164 /* Frameworks */,
				07C954A2EEFF762DB70027D1 /* Pods */,
				C5B24C7D1F197B10000E1D59 /* Products */,
				C5B24C7E1F197B10000E1D59 /* wiremoc-demo */,
				C5B24C931F197B10000E1D59 /* wiremoc-demoTests */,
			);
			sourceTree = "<group>";
		};
		C5B24C7D1F197B10000E1D59 /* Products */ = {
			isa = PBXGroup;
			children = (
				C5B24C7C1F197B10000E1D59 /* wiremoc-demo.app */,
				C5B24C901F197B10000E1D59 /* wiremoc-demoTests.xctest */,
			);
			name = Products;
			sourceTree = "<group>";
		};
		C5B24C7E1F197B10000E1D59 /* wiremoc-demo */ = {
			isa = PBXGroup;
			children = (
				C5B24CAA1F19BBA3000E1D59 /* Controllers */,
				C5B24CA91F19BB85000E1D59 /* Infra */,
				C5B24CA81F19BB63000E1D59 /* Managers */,
				C5B24C7F1F197B10000E1D59 /* AppDelegate.swift */,
				C5B24C861F197B10000E1D59 /* Assets.xcassets */,
				C5B24C8B1F197B10000E1D59 /* Info.plist */,
				C5B24C881F197B10000E1D59 /* LaunchScreen.storyboard */,
			);
			path = "wiremoc-demo";
			sourceTree = "<group>";
		};
		C5B24C931F197B10000E1D59 /* wiremoc-demoTests */ = {
			isa = PBXGroup;
			children = (
				C5B24C961F197B10000E1D59 /* Info.plist */,
				C5B24C941F197B10000E1D59 /* wiremoc_demoTests.swift */,
			);
			path = "wiremoc-demoTests";
			sourceTree = "<group>";
		};
		C5B24CA81F19BB63000E1D59 /* Managers */ = {
			isa = PBXGroup;
			children = (
				C5B24CA41F1981A1000E1D59 /* Router.swift */,
				C5B24CA61F198238000E1D59 /* UsersAPI.swift */,
				C5B24CAB1F1AD418000E1D59 /* UserInfo.swift */,
			);
			path = Managers;
			sourceTree = "<group>";
		};
		C5B24CA91F19BB85000E1D59 /* Infra */ = {
			isa = PBXGroup;
			children = (
				C5B24CA21F19817D000E1D59 /* APIClient.swift */,
			);
			path = Infra;
			sourceTree = "<group>";
		};
		C5B24CAA1F19BBA3000E1D59 /* Controllers */ = {
			isa = PBXGroup;
			children = (
				C5B24C831F197B10000E1D59 /* Main.storyboard */,
				C5B24C811F197B10000E1D59 /* ViewController.swift */,
			);
			path = Controllers;
			sourceTree = "<group>";
		};
/* End PBXGroup section */

/* Begin PBXNativeTarget section */
		C5B24C7B1F197B10000E1D59 /* wiremoc-demo */ = {
			isa = PBXNativeTarget;
			buildConfigurationList = C5B24C991F197B10000E1D59 /* Build configuration list for PBXNativeTarget "wiremoc-demo" */;
			buildPhases = (
				B5DDBB63514630919D484246 /* [CP] Check Pods Manifest.lock */,
				C5B24C781F197B10000E1D59 /* Sources */,
				C5B24C791F197B10000E1D59 /* Frameworks */,
				C5B24C7A1F197B10000E1D59 /* Resources */,
				9F46EB84D2E681FCA4E0AB7D /* [CP] Embed Pods Frameworks */,
				7EAECAD9B0045DEF2F302D65 /* [CP] Copy Pods Resources */,
			);
			buildRules = (
			);
			dependencies = (
			);
			name = "wiremoc-demo";
			productName = "wiremoc-demo";
			productReference = C5B24C7C1F197B10000E1D59 /* wiremoc-demo.app */;
			productType = "com.apple.product-type.application";
		};
		C5B24C8F1F197B10000E1D59 /* wiremoc-demoTests */ = {
			isa = PBXNativeTarget;
			buildConfigurationList = C5B24C9C1F197B10000E1D59 /* Build configuration list for PBXNativeTarget "wiremoc-demoTests" */;
			buildPhases = (
				56C753B8DB009BE51FA15A80 /* [CP] Check Pods Manifest.lock */,
				C5B24C8C1F197B10000E1D59 /* Sources */,
				C5B24C8D1F197B10000E1D59 /* Frameworks */,
				C5B24C8E1F197B10000E1D59 /* Resources */,
				4CED7385C03318D66DCAB195 /* [CP] Embed Pods Frameworks */,
				68679D01B726F2C78CAC89E3 /* [CP] Copy Pods Resources */,
			);
			buildRules = (
			);
			dependencies = (
				C5B24C921F197B10000E1D59 /* PBXTargetDependency */,
			);
			name = "wiremoc-demoTests";
			productName = "wiremoc-demoTests";
			productReference = C5B24C901F197B10000E1D59 /* wiremoc-demoTests.xctest */;
			productType = "com.apple.product-type.bundle.unit-test";
		};
/* End PBXNativeTarget section */

/* Begin PBXProject section */
		C5B24C741F197B10000E1D59 /* Project object */ = {
			isa = PBXProject;
			attributes = {
				LastSwiftUpdateCheck = 0820;
				LastUpgradeCheck = 0820;
				ORGANIZATIONNAME = "Eiji Kushida";
				TargetAttributes = {
					C5B24C7B1F197B10000E1D59 = {
						CreatedOnToolsVersion = 8.2.1;
						ProvisioningStyle = Automatic;
					};
					C5B24C8F1F197B10000E1D59 = {
						CreatedOnToolsVersion = 8.2.1;
						ProvisioningStyle = Automatic;
						TestTargetID = C5B24C7B1F197B10000E1D59;
					};
				};
			};
			buildConfigurationList = C5B24C771F197B10000E1D59 /* Build configuration list for PBXProject "wiremoc-demo" */;
			compatibilityVersion = "Xcode 3.2";
			developmentRegion = English;
			hasScannedForEncodings = 0;
			knownRegions = (
				en,
				Base,
			);
			mainGroup = C5B24C731F197B10000E1D59;
			productRefGroup = C5B24C7D1F197B10000E1D59 /* Products */;
			projectDirPath = "";
			projectRoot = "";
			targets = (
				C5B24C7B1F197B10000E1D59 /* wiremoc-demo */,
				C5B24C8F1F197B10000E1D59 /* wiremoc-demoTests */,
			);
		};
/* End PBXProject section */

/* Begin PBXResourcesBuildPhase section */
		C5B24C7A1F197B10000E1D59 /* Resources */ = {
			isa = PBXResourcesBuildPhase;
			buildActionMask = 2147483647;
			files = (
				C5B24C8A1F197B10000E1D59 /* LaunchScreen.storyboard in Resources */,
				C5B24C871F197B10000E1D59 /* Assets.xcassets in Resources */,
				C5B24C851F197B10000E1D59 /* Main.storyboard in Resources */,
			);
			runOnlyForDeploymentPostprocessing = 0;
		};
		C5B24C8E1F197B10000E1D59 /* Resources */ = {
			isa = PBXResourcesBuildPhase;
			buildActionMask = 2147483647;
			files = (
			);
			runOnlyForDeploymentPostprocessing = 0;
		};
/* End PBXResourcesBuildPhase section */

/* Begin PBXShellScriptBuildPhase section */
		4CED7385C03318D66DCAB195 /* [CP] Embed Pods Frameworks */ = {
			isa = PBXShellScriptBuildPhase;
			buildActionMask = 2147483647;
			files = (
			);
			inputPaths = (
			);
			name = "[CP] Embed Pods Frameworks";
			outputPaths = (
			);
			runOnlyForDeploymentPostprocessing = 0;
			shellPath = /bin/sh;
			shellScript = "\"${SRCROOT}/Pods/Target Support Files/Pods-wiremoc-demoTests/Pods-wiremoc-demoTests-frameworks.sh\"\n";
			showEnvVarsInLog = 0;
		};
		56C753B8DB009BE51FA15A80 /* [CP] Check Pods Manifest.lock */ = {
			isa = PBXShellScriptBuildPhase;
			buildActionMask = 2147483647;
			files = (
			);
			inputPaths = (
			);
			name = "[CP] Check Pods Manifest.lock";
			outputPaths = (
			);
			runOnlyForDeploymentPostprocessing = 0;
			shellPath = /bin/sh;
			shellScript = "diff \"${PODS_ROOT}/../Podfile.lock\" \"${PODS_ROOT}/Manifest.lock\" > /dev/null\nif [ $? != 0 ] ; then\n    # print error to STDERR\n    echo \"error: The sandbox is not in sync with the Podfile.lock. Run 'pod install' or update your CocoaPods installation.\" >&2\n    exit 1\nfi\n";
			showEnvVarsInLog = 0;
		};
		68679D01B726F2C78CAC89E3 /* [CP] Copy Pods Resources */ = {
			isa = PBXShellScriptBuildPhase;
			buildActionMask = 2147483647;
			files = (
			);
			inputPaths = (
			);
			name = "[CP] Copy Pods Resources";
			outputPaths = (
			);
			runOnlyForDeploymentPostprocessing = 0;
			shellPath = /bin/sh;
			shellScript = "\"${SRCROOT}/Pods/Target Support Files/Pods-wiremoc-demoTests/Pods-wiremoc-demoTests-resources.sh\"\n";
			showEnvVarsInLog = 0;
		};
		7EAECAD9B0045DEF2F302D65 /* [CP] Copy Pods Resources */ = {
			isa = PBXShellScriptBuildPhase;
			buildActionMask = 2147483647;
			files = (
			);
			inputPaths = (
			);
			name = "[CP] Copy Pods Resources";
			outputPaths = (
			);
			runOnlyForDeploymentPostprocessing = 0;
			shellPath = /bin/sh;
			shellScript = "\"${SRCROOT}/Pods/Target Support Files/Pods-wiremoc-demo/Pods-wiremoc-demo-resources.sh\"\n";
			showEnvVarsInLog = 0;
		};
		9F46EB84D2E681FCA4E0AB7D /* [CP] Embed Pods Frameworks */ = {
			isa = PBXShellScriptBuildPhase;
			buildActionMask = 2147483647;
			files = (
			);
			inputPaths = (
			);
			name = "[CP] Embed Pods Frameworks";
			outputPaths = (
			);
			runOnlyForDeploymentPostprocessing = 0;
			shellPath = /bin/sh;
			shellScript = "\"${SRCROOT}/Pods/Target Support Files/Pods-wiremoc-demo/Pods-wiremoc-demo-frameworks.sh\"\n";
			showEnvVarsInLog = 0;
		};
		B5DDBB63514630919D484246 /* [CP] Check Pods Manifest.lock */ = {
			isa = PBXShellScriptBuildPhase;
			buildActionMask = 2147483647;
			files = (
			);
			inputPaths = (
			);
			name = "[CP] Check Pods Manifest.lock";
			outputPaths = (
			);
			runOnlyForDeploymentPostprocessing = 0;
			shellPath = /bin/sh;
			shellScript = "diff \"${PODS_ROOT}/../Podfile.lock\" \"${PODS_ROOT}/Manifest.lock\" > /dev/null\nif [ $? != 0 ] ; then\n    # print error to STDERR\n    echo \"error: The sandbox is not in sync with the Podfile.lock. Run 'pod install' or update your CocoaPods installation.\" >&2\n    exit 1\nfi\n";
			showEnvVarsInLog = 0;
		};
/* End PBXShellScriptBuildPhase section */

/* Begin PBXSourcesBuildPhase section */
		C5B24C781F197B10000E1D59 /* Sources */ = {
			isa = PBXSourcesBuildPhase;
			buildActionMask = 2147483647;
			files = (
				C5B24CA51F1981A1000E1D59 /* Router.swift in Sources */,
				C5B24C821F197B10000E1D59 /* ViewController.swift in Sources */,
				C5B24CA71F198238000E1D59 /* UsersAPI.swift in Sources */,
				C5B24C801F197B10000E1D59 /* AppDelegate.swift in Sources */,
				C5B24CA31F19817D000E1D59 /* APIClient.swift in Sources */,
				C5B24CAC1F1AD418000E1D59 /* UserInfo.swift in Sources */,
			);
			runOnlyForDeploymentPostprocessing = 0;
		};
		C5B24C8C1F197B10000E1D59 /* Sources */ = {
			isa = PBXSourcesBuildPhase;
			buildActionMask = 2147483647;
			files = (
				C5B24C951F197B10000E1D59 /* wiremoc_demoTests.swift in Sources */,
			);
			runOnlyForDeploymentPostprocessing = 0;
		};
/* End PBXSourcesBuildPhase section */

/* Begin PBXTargetDependency section */
		C5B24C921F197B10000E1D59 /* PBXTargetDependency */ = {
			isa = PBXTargetDependency;
			target = C5B24C7B1F197B10000E1D59 /* wiremoc-demo */;
			targetProxy = C5B24C911F197B10000E1D59 /* PBXContainerItemProxy */;
		};
/* End PBXTargetDependency section */

/* Begin PBXVariantGroup section */
		C5B24C831F197B10000E1D59 /* Main.storyboard */ = {
			isa = PBXVariantGroup;
			children = (
				C5B24C841F197B10000E1D59 /* Base */,
			);
			name = Main.storyboard;
			path = .;
			sourceTree = "<group>";
		};
		C5B24C881F197B10000E1D59 /* LaunchScreen.storyboard */ = {
			isa = PBXVariantGroup;
			children = (
				C5B24C891F197B10000E1D59 /* Base */,
			);
			name = LaunchScreen.storyboard;
			path = .;
			sourceTree = "<group>";
		};
/* End PBXVariantGroup section */

/* Begin XCBuildConfiguration section */
		C5B24C971F197B10000E1D59 /* Debug */ = {
			isa = XCBuildConfiguration;
			buildSettings = {
				ALWAYS_SEARCH_USER_PATHS = NO;
				CLANG_ANALYZER_NONNULL = YES;
				CLANG_CXX_LANGUAGE_STANDARD = "gnu++0x";
				CLANG_CXX_LIBRARY = "libc++";
				CLANG_ENABLE_MODULES = YES;
				CLANG_ENABLE_OBJC_ARC = YES;
				CLANG_WARN_BOOL_CONVERSION = YES;
				CLANG_WARN_CONSTANT_CONVERSION = YES;
				CLANG_WARN_DIRECT_OBJC_ISA_USAGE = YES_ERROR;
				CLANG_WARN_DOCUMENTATION_COMMENTS = YES;
				CLANG_WARN_EMPTY_BODY = YES;
				CLANG_WARN_ENUM_CONVERSION = YES;
				CLANG_WARN_INFINITE_RECURSION = YES;
				CLANG_WARN_INT_CONVERSION = YES;
				CLANG_WARN_OBJC_ROOT_CLASS = YES_ERROR;
				CLANG_WARN_SUSPICIOUS_MOVE = YES;
				CLANG_WARN_UNREACHABLE_CODE = YES;
				CLANG_WARN__DUPLICATE_METHOD_MATCH = YES;
				"CODE_SIGN_IDENTITY[sdk=iphoneos*]" = "iPhone Developer";
				COPY_PHASE_STRIP = NO;
				DEBUG_INFORMATION_FORMAT = dwarf;
				ENABLE_STRICT_OBJC_MSGSEND = YES;
				ENABLE_TESTABILITY = YES;
				GCC_C_LANGUAGE_STANDARD = gnu99;
				GCC_DYNAMIC_NO_PIC = NO;
				GCC_NO_COMMON_BLOCKS = YES;
				GCC_OPTIMIZATION_LEVEL = 0;
				GCC_PREPROCESSOR_DEFINITIONS = (
					"DEBUG=1",
					"$(inherited)",
				);
				GCC_WARN_64_TO_32_BIT_CONVERSION = YES;
				GCC_WARN_ABOUT_RETURN_TYPE = YES_ERROR;
				GCC_WARN_UNDECLARED_SELECTOR = YES;
				GCC_WARN_UNINITIALIZED_AUTOS = YES_AGGRESSIVE;
				GCC_WARN_UNUSED_FUNCTION = YES;
				GCC_WARN_UNUSED_VARIABLE = YES;
				IPHONEOS_DEPLOYMENT_TARGET = 10.2;
				MTL_ENABLE_DEBUG_INFO = YES;
				ONLY_ACTIVE_ARCH = YES;
				SDKROOT = iphoneos;
				SWIFT_ACTIVE_COMPILATION_CONDITIONS = DEBUG;
				SWIFT_OPTIMIZATION_LEVEL = "-Onone";
			};
			name = Debug;
		};
		C5B24C981F197B10000E1D59 /* Release */ = {
			isa = XCBuildConfiguration;
			buildSettings = {
				ALWAYS_SEARCH_USER_PATHS = NO;
				CLANG_ANALYZER_NONNULL = YES;
				CLANG_CXX_LANGUAGE_STANDARD = "gnu++0x";
				CLANG_CXX_LIBRARY = "libc++";
				CLANG_ENABLE_MODULES = YES;
				CLANG_ENABLE_OBJC_ARC = YES;
				CLANG_WARN_BOOL_CONVERSION = YES;
				CLANG_WARN_CONSTANT_CONVERSION = YES;
				CLANG_WARN_DIRECT_OBJC_ISA_USAGE = YES_ERROR;
				CLANG_WARN_DOCUMENTATION_COMMENTS = YES;
				CLANG_WARN_EMPTY_BODY = YES;
				CLANG_WARN_ENUM_CONVERSION = YES;
				CLANG_WARN_INFINITE_RECURSION = YES;
				CLANG_WARN_INT_CONVERSION = YES;
				CLANG_WARN_OBJC_ROOT_CLASS = YES_ERROR;
				CLANG_WARN_SUSPICIOUS_MOVE = YES;
				CLANG_WARN_UNREACHABLE_CODE = YES;
				CLANG_WARN__DUPLICATE_METHOD_MATCH = YES;
				"CODE_SIGN_IDENTITY[sdk=iphoneos*]" = "iPhone Developer";
				COPY_PHASE_STRIP = NO;
				DEBUG_INFORMATION_FORMAT = "dwarf-with-dsym";
				ENABLE_NS_ASSERTIONS = NO;
				ENABLE_STRICT_OBJC_MSGSEND = YES;
				GCC_C_LANGUAGE_STANDARD = gnu99;
				GCC_NO_COMMON_BLOCKS = YES;
				GCC_WARN_64_TO_32_BIT_CONVERSION = YES;
				GCC_WARN_ABOUT_RETURN_TYPE = YES_ERROR;
				GCC_WARN_UNDECLARED_SELECTOR = YES;
				GCC_WARN_UNINITIALIZED_AUTOS = YES_AGGRESSIVE;
				GCC_WARN_UNUSED_FUNCTION = YES;
				GCC_WARN_UNUSED_VARIABLE = YES;
				IPHONEOS_DEPLOYMENT_TARGET = 10.2;
				MTL_ENABLE_DEBUG_INFO = NO;
				SDKROOT = iphoneos;
				SWIFT_OPTIMIZATION_LEVEL = "-Owholemodule";
				VALIDATE_PRODUCT = YES;
			};
			name = Release;
		};
		C5B24C9A1F197B10000E1D59 /* Debug */ = {
			isa = XCBuildConfiguration;
			baseConfigurationReference = 66E318FF42093EEEB846C0D1 /* Pods-wiremoc-demo.debug.xcconfig */;
			buildSettings = {
				ASSETCATALOG_COMPILER_APPICON_NAME = AppIcon;
				INFOPLIST_FILE = "wiremoc-demo/Info.plist";
				LD_RUNPATH_SEARCH_PATHS = "$(inherited) @executable_path/Frameworks";
				PRODUCT_BUNDLE_IDENTIFIER = "jp.st-ventures.wiremoc-demo";
				PRODUCT_NAME = "$(TARGET_NAME)";
				SWIFT_VERSION = 3.0;
			};
			name = Debug;
		};
		C5B24C9B1F197B10000E1D59 /* Release */ = {
			isa = XCBuildConfiguration;
			baseConfigurationReference = DF405B34563925F0C6029E1C /* Pods-wiremoc-demo.release.xcconfig */;
			buildSettings = {
				ASSETCATALOG_COMPILER_APPICON_NAME = AppIcon;
				INFOPLIST_FILE = "wiremoc-demo/Info.plist";
				LD_RUNPATH_SEARCH_PATHS = "$(inherited) @executable_path/Frameworks";
				PRODUCT_BUNDLE_IDENTIFIER = "jp.st-ventures.wiremoc-demo";
				PRODUCT_NAME = "$(TARGET_NAME)";
				SWIFT_VERSION = 3.0;
			};
			name = Release;
		};
		C5B24C9D1F197B10000E1D59 /* Debug */ = {
			isa = XCBuildConfiguration;
			baseConfigurationReference = 2761C784C15A90C9076F44CE /* Pods-wiremoc-demoTests.debug.xcconfig */;
			buildSettings = {
				ALWAYS_EMBED_SWIFT_STANDARD_LIBRARIES = YES;
				BUNDLE_LOADER = "$(TEST_HOST)";
				INFOPLIST_FILE = "wiremoc-demoTests/Info.plist";
				LD_RUNPATH_SEARCH_PATHS = "$(inherited) @executable_path/Frameworks @loader_path/Frameworks";
				PRODUCT_BUNDLE_IDENTIFIER = "jp.st-ventures.wiremoc-demoTests";
				PRODUCT_NAME = "$(TARGET_NAME)";
				SWIFT_VERSION = 3.0;
				TEST_HOST = "$(BUILT_PRODUCTS_DIR)/wiremoc-demo.app/wiremoc-demo";
			};
			name = Debug;
		};
		C5B24C9E1F197B10000E1D59 /* Release */ = {
			isa = XCBuildConfiguration;
			baseConfigurationReference = BB10D906B39E16E4A5C9E812 /* Pods-wiremoc-demoTests.release.xcconfig */;
			buildSettings = {
				ALWAYS_EMBED_SWIFT_STANDARD_LIBRARIES = YES;
				BUNDLE_LOADER = "$(TEST_HOST)";
				INFOPLIST_FILE = "wiremoc-demoTests/Info.plist";
				LD_RUNPATH_SEARCH_PATHS = "$(inherited) @executable_path/Frameworks @loader_path/Frameworks";
				PRODUCT_BUNDLE_IDENTIFIER = "jp.st-ventures.wiremoc-demoTests";
				PRODUCT_NAME = "$(TARGET_NAME)";
				SWIFT_VERSION = 3.0;
				TEST_HOST = "$(BUILT_PRODUCTS_DIR)/wiremoc-demo.app/wiremoc-demo";
			};
			name = Release;
		};
/* End XCBuildConfiguration section */

/* Begin XCConfigurationList section */
		C5B24C771F197B10000E1D59 /* Build configuration list for PBXProject "wiremoc-demo" */ = {
			isa = XCConfigurationList;
			buildConfigurations = (
				C5B24C971F197B10000E1D59 /* Debug */,
				C5B24C981F197B10000E1D59 /* Release */,
			);
			defaultConfigurationIsVisible = 0;
			defaultConfigurationName = Release;
		};
		C5B24C991F197B10000E1D59 /* Build configuration list for PBXNativeTarget "wiremoc-demo" */ = {
			isa = XCConfigurationList;
			buildConfigurations = (
				C5B24C9A1F197B10000E1D59 /* Debug */,
				C5B24C9B1F197B10000E1D59 /* Release */,
			);
			defaultConfigurationIsVisible = 0;
			defaultConfigurationName = Release;
		};
		C5B24C9C1F197B10000E1D59 /* Build configuration list for PBXNativeTarget "wiremoc-demoTests" */ = {
			isa = XCConfigurationList;
			buildConfigurations = (
				C5B24C9D1F197B10000E1D59 /* Debug */,
				C5B24C9E1F197B10000E1D59 /* Release */,
			);
			defaultConfigurationIsVisible = 0;
			defaultConfigurationName = Release;
		};
/* End XCConfigurationList section */
	};
	rootObject = C5B24C741F197B10000E1D59 /* Project object */;
}
